# THIS IS AN AUTOGENERATED FILE. DO NOT EDIT THIS FILE DIRECTLY.
# yarn lockfile v1


"@graphprotocol/graph-ts@^0.27.0":
  version "0.27.0"
  resolved "https://registry.npmjs.org/@graphprotocol/graph-ts/-/graph-ts-0.27.0.tgz"
  integrity sha512-r1SPDIZVQiGMxcY8rhFSM0y7d/xAbQf5vHMWUf59js1KgoyWpM6P3tczZqmQd7JTmeyNsDGIPzd9FeaxllsU4w==
  dependencies:
    assemblyscript "0.19.10"

"@graphprotocol/graph-ts@0.35.0":
  version "0.35.0"
  resolved "https://registry.npmjs.org/@graphprotocol/graph-ts/-/graph-ts-0.35.0.tgz"
  integrity sha512-dM+I/e/WeBa8Q3m4ZLFfJjKBS9YwV+DLggWi8oEIGmnhPAZ298QB6H4hquvxqaOTSXJ2j9tPsw3xSmbRLwk39A==
  dependencies:
    assemblyscript "0.19.10"

assemblyscript@^0.19.20:
  version "0.19.23"
  resolved "https://registry.npmjs.org/assemblyscript/-/assemblyscript-0.19.23.tgz"
  integrity sha512-fwOQNZVTMga5KRsfY80g7cpOl4PsFQczMwHzdtgoqLXaYhkhavufKb0sB0l3T1DUxpAufA0KNhlbpuuhZUwxMA==
  dependencies:
    binaryen "102.0.0-nightly.20211028"
    long "^5.2.0"
    source-map-support "^0.5.20"

assemblyscript@0.19.10:
  version "0.19.10"
  resolved "https://registry.npmjs.org/assemblyscript/-/assemblyscript-0.19.10.tgz"
  integrity sha512-HavcUBXB3mBTRGJcpvaQjmnmaqKHBGREjSPNsIvnAk2f9dj78y4BkMaSSdvBQYWcDDzsHQjyUC8stICFkD1Odg==
  dependencies:
    binaryen "101.0.0-nightly.20210723"
    long "^4.0.0"

binaryen@101.0.0-nightly.20210723:
  version "101.0.0-nightly.20210723"
  resolved "https://registry.npmjs.org/binaryen/-/binaryen-101.0.0-nightly.20210723.tgz"
  integrity sha512-eioJNqhHlkguVSbblHOtLqlhtC882SOEPKmNFZaDuz1hzQjolxZ+eu3/kaS10n3sGPONsIZsO7R9fR00UyhEUA==

binaryen@102.0.0-nightly.20211028:
  version "102.0.0-nightly.20211028"
  resolved "https://registry.npmjs.org/binaryen/-/binaryen-102.0.0-nightly.20211028.tgz"
  integrity sha512-GCJBVB5exbxzzvyt8MGDv/MeUjs6gkXDvf4xOIItRBptYl0Tz5sm1o/uG95YK0L0VeG5ajDu3hRtkBP2kzqC5w==

buffer-from@^1.0.0:
  version "1.1.2"
  resolved "https://registry.npmjs.org/buffer-from/-/buffer-from-1.1.2.tgz"
  integrity sha512-E+XQCRwSbaaiChtv6k6Dwgc+bx+Bs6vuKJHHl5kox/BaKbhiXzqQOwK4cO22yElGp2OCmjwVhT3HmxgyPGnJfQ==

long@^4.0.0:
  version "4.0.0"
  resolved "https://registry.npmjs.org/long/-/long-4.0.0.tgz"
  integrity sha512-XsP+KhQif4bjX1kbuSiySJFNAehNxgLb6hPRGJ9QsUr8ajHkuXGdrHmFUTUUXhDwVX2R5bY4JNZEwbUiMhV+MA==

long@^5.2.0:
  version "5.2.3"
  resolved "https://registry.npmjs.org/long/-/long-5.2.3.tgz"
  integrity sha512-lcHwpNoggQTObv5apGNCTdJrO69eHOZMi4BNC+rTLER8iHAqGrUVeLh/irVIM7zTw2bOXA8T6uNPeujwOLg/2Q==

matchstick-as@0.5.0:
  version "0.5.0"
  resolved "https://registry.npmjs.org/matchstick-as/-/matchstick-as-0.5.0.tgz"
  integrity sha512-4K619YDH+so129qt4RB4JCNxaFwJJYLXPc7drpG+/mIj86Cfzg6FKs/bA91cnajmS1CLHdhHl9vt6Kd6Oqvfkg==
  dependencies:
    "@graphprotocol/graph-ts" "^0.27.0"
    assemblyscript "^0.19.20"
    wabt "1.0.24"

source-map-support@^0.5.20:
  version "0.5.21"
  resolved "https://registry.npmjs.org/source-map-support/-/source-map-support-0.5.21.tgz"
  integrity sha512-uBHU3L3czsIyYXKX88fdrGovxdSCoTGDRZ6SYXtSRxLZUzHg5P/66Ht6uoUlHu9EZod+inXhKo3qQgwXUT/y1w==
  dependencies:
    buffer-from "^1.0.0"
    source-map "^0.6.0"

source-map@^0.6.0:
  version "0.6.1"
  resolved "https://registry.npmjs.org/source-map/-/source-map-0.6.1.tgz"
  integrity sha512-UjgapumWlbMhkBgzT7Ykc5YXUT46F0iKu8SGXq0bcwP5dz/h0Plj6enJqjz1Zbq2l5WaqYnrVbwWOWMyF3F47g==

wabt@1.0.24:
  version "1.0.24"
  resolved "https://registry.npmjs.org/wabt/-/wabt-1.0.24.tgz"
  integrity sha512-8l7sIOd3i5GWfTWciPL0+ff/FK/deVK2Q6FN+MPz4vfUcD78i2M/49XJTwF6aml91uIiuXJEsLKWMB2cw/mtKg==
